hash: 10ac6f54d7cfc0df3119ed5015608870de2ba70a3777515d118c87e7aa51e24b
updated: 2016-12-13T15:39:21.500872834+05:30
imports:
- name: github.com/gorilla/context
  version: 08b5f424b9271eedf6f9f0ce86cb9396ed337a42
- name: github.com/gorilla/mux
  version: 757bef944d0f21880861c2dd9c871ca543023cba
devImports: []
