hash: 786ad320d278099f4f2f487e6564ddf5ab8cecf7b97597bcd95e4a28eabd3e04
updated: 2016-12-13T17:00:12.266018125+05:30
imports:
- name: github.com/gorilla/context
  version: 08b5f424b9271eedf6f9f0ce86cb9396ed337a42
- name: github.com/gorilla/mux
  version: 757bef944d0f21880861c2dd9c871ca543023cba
devImports: []
